
Microsoft Visual Studio Solution File, Format Version 12.00
# Visual Studio Version 17
VisualStudioVersion = 17.5.33516.290
MinimumVisualStudioVersion = 10.0.40219.1
Project("{FAE04EC0-301F-11D3-BF4B-00C04F79EFBC}") = "EpochToNormal", "EpochToNormal.csproj", "{63EA23A0-6667-4EAF-86EB-B9A50F93DD27}"
EndProject
Global
	GlobalSection(SolutionConfigurationPlatforms) = preSolution
		Debug|Any CPU = Debug|Any CPU
		Release|Any CPU = Release|Any CPU
	EndGlobalSection
	GlobalSection(ProjectConfigurationPlatforms) = postSolution
		{63EA23A0-6667-4EAF-86EB-B9A50F93DD27}.Debug|Any CPU.ActiveCfg = Debug|Any CPU
		{63EA23A0-6667-4EAF-86EB-B9A50F93DD27}.Debug|Any CPU.Build.0 = Debug|Any CPU
		{63EA23A0-6667-4EAF-86EB-B9A50F93DD27}.Release|Any CPU.ActiveCfg = Release|Any CPU
		{63EA23A0-6667-4EAF-86EB-B9A50F93DD27}.Release|Any CPU.Build.0 = Release|Any CPU
	EndGlobalSection
	GlobalSection(SolutionProperties) = preSolution
		HideSolutionNode = FALSE
	EndGlobalSection
	GlobalSection(ExtensibilityGlobals) = postSolution
		SolutionGuid = {109250FF-42A6-49F8-87C7-0F00A06057F6}
	EndGlobalSection
EndGlobal
